
Microsoft Visual Studio Solution File, Format Version 12.00
# Visual Studio Version 17
VisualStudioVersion = 17.5.002.0
MinimumVisualStudioVersion = 10.0.40219.1
Project("{9A19103F-16F7-4668-BE54-9A1E7A4F7556}") = "payment-processor", "payment-processor.csproj", "{1BAF1B6F-1F44-4979-84C0-CC975C32E284}"
EndProject
Global
	GlobalSection(SolutionConfigurationPlatforms) = preSolution
		Debug|Any CPU = Debug|Any CPU
		Release|Any CPU = Release|Any CPU
	EndGlobalSection
	GlobalSection(ProjectConfigurationPlatforms) = postSolution
		{1BAF1B6F-1F44-4979-84C0-CC975C32E284}.Debug|Any CPU.ActiveCfg = Debug|Any CPU
		{1BAF1B6F-1F44-4979-84C0-CC975C32E284}.Debug|Any CPU.Build.0 = Debug|Any CPU
		{1BAF1B6F-1F44-4979-84C0-CC975C32E284}.Release|Any CPU.ActiveCfg = Release|Any CPU
		{1BAF1B6F-1F44-4979-84C0-CC975C32E284}.Release|Any CPU.Build.0 = Release|Any CPU
	EndGlobalSection
	GlobalSection(SolutionProperties) = preSolution
		HideSolutionNode = FALSE
	EndGlobalSection
	GlobalSection(ExtensibilityGlobals) = postSolution
		SolutionGuid = {B1131908-CB10-403B-B906-B059C31938B6}
	EndGlobalSection
EndGlobal
